// !$*UTF8*$!
{
	archiveVersion = 1;
	classes = {
	};
	objectVersion = 46;
	objects = {

/* Begin PBXBuildFile section */
		922DA4681DCE384C00E68CDF /* Content.swift in Sources */ = {isa = PBXBuildFile; fileRef = 922DA4671DCE384C00E68CDF /* Content.swift */; };
		922DA46D1DCE39F700E68CDF /* Realm.framework in Frameworks */ = {isa = PBXBuildFile; fileRef = 922DA46A1DCE39F700E68CDF /* Realm.framework */; };
		922DA46E1DCE39F700E68CDF /* RealmSwift.framework in Frameworks */ = {isa = PBXBuildFile; fileRef = 922DA46B1DCE39F700E68CDF /* RealmSwift.framework */; };
		922DA46F1DCE39F700E68CDF /* SwiftyJSON.framework in Frameworks */ = {isa = PBXBuildFile; fileRef = 922DA46C1DCE39F700E68CDF /* SwiftyJSON.framework */; };
		9254D1E91DD4D5A00083ACCE /* ContentCD.xcdatamodeld in Sources */ = {isa = PBXBuildFile; fileRef = 9254D1E71DD4D5A00083ACCE /* ContentCD.xcdatamodeld */; };
		9285CB971DBFCE4000A69FFF /* AppDelegate.swift in Sources */ = {isa = PBXBuildFile; fileRef = 9285CB961DBFCE4000A69FFF /* AppDelegate.swift */; };
		9285CB991DBFCE4000A69FFF /* HomeViewController.swift in Sources */ = {isa = PBXBuildFile; fileRef = 9285CB981DBFCE4000A69FFF /* HomeViewController.swift */; };
		9285CB9C1DBFCE4000A69FFF /* Main.storyboard in Resources */ = {isa = PBXBuildFile; fileRef = 9285CB9A1DBFCE4000A69FFF /* Main.storyboard */; };
		9285CB9E1DBFCE4000A69FFF /* Assets.xcassets in Resources */ = {isa = PBXBuildFile; fileRef = 9285CB9D1DBFCE4000A69FFF /* Assets.xcassets */; };
		9285CBA11DBFCE4000A69FFF /* LaunchScreen.storyboard in Resources */ = {isa = PBXBuildFile; fileRef = 9285CB9F1DBFCE4000A69FFF /* LaunchScreen.storyboard */; };
		9296B9151DCBA9F000DEE10D /* APIClient.swift in Sources */ = {isa = PBXBuildFile; fileRef = 9296B9141DCBA9F000DEE10D /* APIClient.swift */; };
		92B85FAB1DCF7F0B006D96BB /* ContentRepository.swift in Sources */ = {isa = PBXBuildFile; fileRef = 92B85FAA1DCF7F0B006D96BB /* ContentRepository.swift */; };
		A2037EEAFE97FD9768F34312 /* Pods_iOSDataStorage.framework in Frameworks */ = {isa = PBXBuildFile; fileRef = 870FBFB7E8B8CB06E42E1000 /* Pods_iOSDataStorage.framework */; };
/* End PBXBuildFile section */

/* Begin PBXFileReference section */
		1633DB06327FA4A0B3C58DF1 /* Pods-iOSDataStorage.debug.xcconfig */ = {isa = PBXFileReference; includeInIndex = 1; lastKnownFileType = text.xcconfig; name = "Pods-iOSDataStorage.debug.xcconfig"; path = "Pods/Target Support Files/Pods-iOSDataStorage/Pods-iOSDataStorage.debug.xcconfig"; sourceTree = "<group>"; };
		870FBFB7E8B8CB06E42E1000 /* Pods_iOSDataStorage.framework */ = {isa = PBXFileReference; explicitFileType = wrapper.framework; includeInIndex = 0; path = Pods_iOSDataStorage.framework; sourceTree = BUILT_PRODUCTS_DIR; };
		922DA4671DCE384C00E68CDF /* Content.swift */ = {isa = PBXFileReference; fileEncoding = 4; lastKnownFileType = sourcecode.swift; path = Content.swift; sourceTree = "<group>"; };
		922DA46A1DCE39F700E68CDF /* Realm.framework */ = {isa = PBXFileReference; lastKnownFileType = wrapper.framework; name = Realm.framework; path = "Pods/../build/Debug-iphoneos/Realm/Realm.framework"; sourceTree = "<group>"; };
		922DA46B1DCE39F700E68CDF /* RealmSwift.framework */ = {isa = PBXFileReference; lastKnownFileType = wrapper.framework; name = RealmSwift.framework; path = "Pods/../build/Debug-iphoneos/RealmSwift/RealmSwift.framework"; sourceTree = "<group>"; };
		922DA46C1DCE39F700E68CDF /* SwiftyJSON.framework */ = {isa = PBXFileReference; lastKnownFileType = wrapper.framework; name = SwiftyJSON.framework; path = "Pods/../build/Debug-iphoneos/SwiftyJSON/SwiftyJSON.framework"; sourceTree = "<group>"; };
		9254D1E81DD4D5A00083ACCE /* ContentCD.xcdatamodel */ = {isa = PBXFileReference; lastKnownFileType = wrapper.xcdatamodel; path = ContentCD.xcdatamodel; sourceTree = "<group>"; };
		9285CB931DBFCE4000A69FFF /* iOSDataStorage.app */ = {isa = PBXFileReference; explicitFileType = wrapper.application; includeInIndex = 0; path = iOSDataStorage.app; sourceTree = BUILT_PRODUCTS_DIR; };
		9285CB961DBFCE4000A69FFF /* AppDelegate.swift */ = {isa = PBXFileReference; lastKnownFileType = sourcecode.swift; path = AppDelegate.swift; sourceTree = "<group>"; };
		9285CB981DBFCE4000A69FFF /* HomeViewController.swift */ = {isa = PBXFileReference; lastKnownFileType = sourcecode.swift; path = HomeViewController.swift; sourceTree = "<group>"; };
		9285CB9B1DBFCE4000A69FFF /* Base */ = {isa = PBXFileReference; lastKnownFileType = file.storyboard; name = Base; path = Base.lproj/Main.storyboard; sourceTree = "<group>"; };
		9285CB9D1DBFCE4000A69FFF /* Assets.xcassets */ = {isa = PBXFileReference; lastKnownFileType = folder.assetcatalog; path = Assets.xcassets; sourceTree = "<group>"; };
		9285CBA01DBFCE4000A69FFF /* Base */ = {isa = PBXFileReference; lastKnownFileType = file.storyboard; name = Base; path = Base.lproj/LaunchScreen.storyboard; sourceTree = "<group>"; };
		9285CBA21DBFCE4000A69FFF /* Info.plist */ = {isa = PBXFileReference; lastKnownFileType = text.plist.xml; path = Info.plist; sourceTree = "<group>"; };
		9296B9141DCBA9F000DEE10D /* APIClient.swift */ = {isa = PBXFileReference; fileEncoding = 4; lastKnownFileType = sourcecode.swift; path = APIClient.swift; sourceTree = "<group>"; };
		92B85FAA1DCF7F0B006D96BB /* ContentRepository.swift */ = {isa = PBXFileReference; fileEncoding = 4; lastKnownFileType = sourcecode.swift; path = ContentRepository.swift; sourceTree = "<group>"; };
		9E1EE11611BC61BD1437A3F9 /* Pods-iOSDataStorage.release.xcconfig */ = {isa = PBXFileReference; includeInIndex = 1; lastKnownFileType = text.xcconfig; name = "Pods-iOSDataStorage.release.xcconfig"; path = "Pods/Target Support Files/Pods-iOSDataStorage/Pods-iOSDataStorage.release.xcconfig"; sourceTree = "<group>"; };
/* End PBXFileReference section */

/* Begin PBXFrameworksBuildPhase section */
		9285CB901DBFCE4000A69FFF /* Frameworks */ = {
			isa = PBXFrameworksBuildPhase;
			buildActionMask = 2147483647;
			files = (
				922DA46D1DCE39F700E68CDF /* Realm.framework in Frameworks */,
				922DA46E1DCE39F700E68CDF /* RealmSwift.framework in Frameworks */,
				922DA46F1DCE39F700E68CDF /* SwiftyJSON.framework in Frameworks */,
				A2037EEAFE97FD9768F34312 /* Pods_iOSDataStorage.framework in Frameworks */,
			);
			runOnlyForDeploymentPostprocessing = 0;
		};
/* End PBXFrameworksBuildPhase section */

/* Begin PBXGroup section */
		922DA4691DCE39F700E68CDF /* Frameworks */ = {
			isa = PBXGroup;
			children = (
				922DA46A1DCE39F700E68CDF /* Realm.framework */,
				922DA46B1DCE39F700E68CDF /* RealmSwift.framework */,
				922DA46C1DCE39F700E68CDF /* SwiftyJSON.framework */,
				870FBFB7E8B8CB06E42E1000 /* Pods_iOSDataStorage.framework */,
			);
			name = Frameworks;
			sourceTree = "<group>";
		};
		9254D1EA1DD4D6C70083ACCE /* CoreData */ = {
			isa = PBXGroup;
			children = (
			);
			name = CoreData;
			sourceTree = "<group>";
		};
		9285CB8A1DBFCE4000A69FFF = {
			isa = PBXGroup;
			children = (
				9285CB951DBFCE4000A69FFF /* iOSDataStorage */,
				9285CB941DBFCE4000A69FFF /* Products */,
				922DA4691DCE39F700E68CDF /* Frameworks */,
				C4DCA6AB126D5F72A39F5973 /* Pods */,
			);
			sourceTree = "<group>";
		};
		9285CB941DBFCE4000A69FFF /* Products */ = {
			isa = PBXGroup;
			children = (
				9285CB931DBFCE4000A69FFF /* iOSDataStorage.app */,
			);
			name = Products;
			sourceTree = "<group>";
		};
		9285CB951DBFCE4000A69FFF /* iOSDataStorage */ = {
			isa = PBXGroup;
			children = (
				9254D1EA1DD4D6C70083ACCE /* CoreData */,
				9285CB961DBFCE4000A69FFF /* AppDelegate.swift */,
				9285CB981DBFCE4000A69FFF /* HomeViewController.swift */,
				9285CB9A1DBFCE4000A69FFF /* Main.storyboard */,
				9285CB9D1DBFCE4000A69FFF /* Assets.xcassets */,
				9285CB9F1DBFCE4000A69FFF /* LaunchScreen.storyboard */,
				9285CBA21DBFCE4000A69FFF /* Info.plist */,
				9296B9141DCBA9F000DEE10D /* APIClient.swift */,
				922DA4671DCE384C00E68CDF /* Content.swift */,
				92B85FAA1DCF7F0B006D96BB /* ContentRepository.swift */,
				9254D1E71DD4D5A00083ACCE /* ContentCD.xcdatamodeld */,
			);
			path = iOSDataStorage;
			sourceTree = "<group>";
		};
		C4DCA6AB126D5F72A39F5973 /* Pods */ = {
			isa = PBXGroup;
			children = (
				1633DB06327FA4A0B3C58DF1 /* Pods-iOSDataStorage.debug.xcconfig */,
				9E1EE11611BC61BD1437A3F9 /* Pods-iOSDataStorage.release.xcconfig */,
			);
			name = Pods;
			sourceTree = "<group>";
		};
/* End PBXGroup section */

/* Begin PBXNativeTarget section */
		9285CB921DBFCE4000A69FFF /* iOSDataStorage */ = {
			isa = PBXNativeTarget;
			buildConfigurationList = 9285CBA51DBFCE4000A69FFF /* Build configuration list for PBXNativeTarget "iOSDataStorage" */;
			buildPhases = (
				F0D7458512B0E17BF659553D /* [CP] Check Pods Manifest.lock */,
				9285CB8F1DBFCE4000A69FFF /* Sources */,
				9285CB901DBFCE4000A69FFF /* Frameworks */,
				9285CB911DBFCE4000A69FFF /* Resources */,
				926B07D8291C08A0901AD6AE /* [CP] Embed Pods Frameworks */,
				A855DD4740137DDE09613C35 /* [CP] Copy Pods Resources */,
			);
			buildRules = (
			);
			dependencies = (
			);
			name = iOSDataStorage;
			productName = iOSDataStorage;
			productReference = 9285CB931DBFCE4000A69FFF /* iOSDataStorage.app */;
			productType = "com.apple.product-type.application";
		};
/* End PBXNativeTarget section */

/* Begin PBXProject section */
		9285CB8B1DBFCE4000A69FFF /* Project object */ = {
			isa = PBXProject;
			attributes = {
				LastSwiftUpdateCheck = 0800;
				LastUpgradeCheck = 0800;
				ORGANIZATIONNAME = "Marcin Mucha";
				TargetAttributes = {
					9285CB921DBFCE4000A69FFF = {
						CreatedOnToolsVersion = 8.0;
						DevelopmentTeam = RAH94XA8X7;
						ProvisioningStyle = Automatic;
					};
				};
			};
			buildConfigurationList = 9285CB8E1DBFCE4000A69FFF /* Build configuration list for PBXProject "iOSDataStorage" */;
			compatibilityVersion = "Xcode 3.2";
			developmentRegion = English;
			hasScannedForEncodings = 0;
			knownRegions = (
				en,
				Base,
			);
			mainGroup = 9285CB8A1DBFCE4000A69FFF;
			productRefGroup = 9285CB941DBFCE4000A69FFF /* Products */;
			projectDirPath = "";
			projectRoot = "";
			targets = (
				9285CB921DBFCE4000A69FFF /* iOSDataStorage */,
			);
		};
/* End PBXProject section */

/* Begin PBXResourcesBuildPhase section */
		9285CB911DBFCE4000A69FFF /* Resources */ = {
			isa = PBXResourcesBuildPhase;
			buildActionMask = 2147483647;
			files = (
				9285CBA11DBFCE4000A69FFF /* LaunchScreen.storyboard in Resources */,
				9285CB9E1DBFCE4000A69FFF /* Assets.xcassets in Resources */,
				9285CB9C1DBFCE4000A69FFF /* Main.storyboard in Resources */,
			);
			runOnlyForDeploymentPostprocessing = 0;
		};
/* End PBXResourcesBuildPhase section */

/* Begin PBXShellScriptBuildPhase section */
		926B07D8291C08A0901AD6AE /* [CP] Embed Pods Frameworks */ = {
			isa = PBXShellScriptBuildPhase;
			buildActionMask = 2147483647;
			files = (
			);
			inputPaths = (
			);
			name = "[CP] Embed Pods Frameworks";
			outputPaths = (
			);
			runOnlyForDeploymentPostprocessing = 0;
			shellPath = /bin/sh;
			shellScript = "\"${SRCROOT}/Pods/Target Support Files/Pods-iOSDataStorage/Pods-iOSDataStorage-frameworks.sh\"\n";
			showEnvVarsInLog = 0;
		};
		A855DD4740137DDE09613C35 /* [CP] Copy Pods Resources */ = {
			isa = PBXShellScriptBuildPhase;
			buildActionMask = 2147483647;
			files = (
			);
			inputPaths = (
			);
			name = "[CP] Copy Pods Resources";
			outputPaths = (
			);
			runOnlyForDeploymentPostprocessing = 0;
			shellPath = /bin/sh;
			shellScript = "\"${SRCROOT}/Pods/Target Support Files/Pods-iOSDataStorage/Pods-iOSDataStorage-resources.sh\"\n";
			showEnvVarsInLog = 0;
		};
		F0D7458512B0E17BF659553D /* [CP] Check Pods Manifest.lock */ = {
			isa = PBXShellScriptBuildPhase;
			buildActionMask = 2147483647;
			files = (
			);
			inputPaths = (
			);
			name = "[CP] Check Pods Manifest.lock";
			outputPaths = (
			);
			runOnlyForDeploymentPostprocessing = 0;
			shellPath = /bin/sh;
			shellScript = "diff \"${PODS_ROOT}/../Podfile.lock\" \"${PODS_ROOT}/Manifest.lock\" > /dev/null\nif [[ $? != 0 ]] ; then\n    cat << EOM\nerror: The sandbox is not in sync with the Podfile.lock. Run 'pod install' or update your CocoaPods installation.\nEOM\n    exit 1\nfi\n";
			showEnvVarsInLog = 0;
		};
/* End PBXShellScriptBuildPhase section */

/* Begin PBXSourcesBuildPhase section */
		9285CB8F1DBFCE4000A69FFF /* Sources */ = {
			isa = PBXSourcesBuildPhase;
			buildActionMask = 2147483647;
			files = (
				9254D1E91DD4D5A00083ACCE /* ContentCD.xcdatamodeld in Sources */,
				92B85FAB1DCF7F0B006D96BB /* ContentRepository.swift in Sources */,
				9285CB991DBFCE4000A69FFF /* HomeViewController.swift in Sources */,
				9285CB971DBFCE4000A69FFF /* AppDelegate.swift in Sources */,
				9296B9151DCBA9F000DEE10D /* APIClient.swift in Sources */,
				922DA4681DCE384C00E68CDF /* Content.swift in Sources */,
			);
			runOnlyForDeploymentPostprocessing = 0;
		};
/* End PBXSourcesBuildPhase section */

/* Begin PBXVariantGroup section */
		9285CB9A1DBFCE4000A69FFF /* Main.storyboard */ = {
			isa = PBXVariantGroup;
			children = (
				9285CB9B1DBFCE4000A69FFF /* Base */,
			);
			name = Main.storyboard;
			sourceTree = "<group>";
		};
		9285CB9F1DBFCE4000A69FFF /* LaunchScreen.storyboard */ = {
			isa = PBXVariantGroup;
			children = (
				9285CBA01DBFCE4000A69FFF /* Base */,
			);
			name = LaunchScreen.storyboard;
			sourceTree = "<group>";
		};
/* End PBXVariantGroup section */

/* Begin XCBuildConfiguration section */
		9285CBA31DBFCE4000A69FFF /* Debug */ = {
			isa = XCBuildConfiguration;
			buildSettings = {
				ALWAYS_SEARCH_USER_PATHS = NO;
				CLANG_ANALYZER_NONNULL = YES;
				CLANG_CXX_LANGUAGE_STANDARD = "gnu++0x";
				CLANG_CXX_LIBRARY = "libc++";
				CLANG_ENABLE_MODULES = YES;
				CLANG_ENABLE_OBJC_ARC = YES;
				CLANG_WARN_BOOL_CONVERSION = YES;
				CLANG_WARN_CONSTANT_CONVERSION = YES;
				CLANG_WARN_DIRECT_OBJC_ISA_USAGE = YES_ERROR;
				CLANG_WARN_DOCUMENTATION_COMMENTS = YES;
				CLANG_WARN_EMPTY_BODY = YES;
				CLANG_WARN_ENUM_CONVERSION = YES;
				CLANG_WARN_INFINITE_RECURSION = YES;
				CLANG_WARN_INT_CONVERSION = YES;
				CLANG_WARN_OBJC_ROOT_CLASS = YES_ERROR;
				CLANG_WARN_SUSPICIOUS_MOVE = YES;
				CLANG_WARN_SUSPICIOUS_MOVES = YES;
				CLANG_WARN_UNREACHABLE_CODE = YES;
				CLANG_WARN__DUPLICATE_METHOD_MATCH = YES;
				"CODE_SIGN_IDENTITY[sdk=iphoneos*]" = "iPhone Developer";
				COPY_PHASE_STRIP = NO;
				DEBUG_INFORMATION_FORMAT = dwarf;
				ENABLE_STRICT_OBJC_MSGSEND = YES;
				ENABLE_TESTABILITY = YES;
				GCC_C_LANGUAGE_STANDARD = gnu99;
				GCC_DYNAMIC_NO_PIC = NO;
				GCC_NO_COMMON_BLOCKS = YES;
				GCC_OPTIMIZATION_LEVEL = 0;
				GCC_PREPROCESSOR_DEFINITIONS = (
					"DEBUG=1",
					"$(inherited)",
				);
				GCC_WARN_64_TO_32_BIT_CONVERSION = YES;
				GCC_WARN_ABOUT_RETURN_TYPE = YES_ERROR;
				GCC_WARN_UNDECLARED_SELECTOR = YES;
				GCC_WARN_UNINITIALIZED_AUTOS = YES_AGGRESSIVE;
				GCC_WARN_UNUSED_FUNCTION = YES;
				GCC_WARN_UNUSED_VARIABLE = YES;
				IPHONEOS_DEPLOYMENT_TARGET = 10.0;
				MTL_ENABLE_DEBUG_INFO = YES;
				ONLY_ACTIVE_ARCH = YES;
				SDKROOT = iphoneos;
				SWIFT_ACTIVE_COMPILATION_CONDITIONS = DEBUG;
				SWIFT_OPTIMIZATION_LEVEL = "-Onone";
			};
			name = Debug;
		};
		9285CBA41DBFCE4000A69FFF /* Release */ = {
			isa = XCBuildConfiguration;
			buildSettings = {
				ALWAYS_SEARCH_USER_PATHS = NO;
				CLANG_ANALYZER_NONNULL = YES;
				CLANG_CXX_LANGUAGE_STANDARD = "gnu++0x";
				CLANG_CXX_LIBRARY = "libc++";
				CLANG_ENABLE_MODULES = YES;
				CLANG_ENABLE_OBJC_ARC = YES;
				CLANG_WARN_BOOL_CONVERSION = YES;
				CLANG_WARN_CONSTANT_CONVERSION = YES;
				CLANG_WARN_DIRECT_OBJC_ISA_USAGE = YES_ERROR;
				CLANG_WARN_DOCUMENTATION_COMMENTS = YES;
				CLANG_WARN_EMPTY_BODY = YES;
				CLANG_WARN_ENUM_CONVERSION = YES;
				CLANG_WARN_INFINITE_RECURSION = YES;
				CLANG_WARN_INT_CONVERSION = YES;
				CLANG_WARN_OBJC_ROOT_CLASS = YES_ERROR;
				CLANG_WARN_SUSPICIOUS_MOVE = YES;
				CLANG_WARN_SUSPICIOUS_MOVES = YES;
				CLANG_WARN_UNREACHABLE_CODE = YES;
				CLANG_WARN__DUPLICATE_METHOD_MATCH = YES;
				"CODE_SIGN_IDENTITY[sdk=iphoneos*]" = "iPhone Developer";
				COPY_PHASE_STRIP = NO;
				DEBUG_INFORMATION_FORMAT = "dwarf-with-dsym";
				ENABLE_NS_ASSERTIONS = NO;
				ENABLE_STRICT_OBJC_MSGSEND = YES;
				GCC_C_LANGUAGE_STANDARD = gnu99;
				GCC_NO_COMMON_BLOCKS = YES;
				GCC_WARN_64_TO_32_BIT_CONVERSION = YES;
				GCC_WARN_ABOUT_RETURN_TYPE = YES_ERROR;
				GCC_WARN_UNDECLARED_SELECTOR = YES;
				GCC_WARN_UNINITIALIZED_AUTOS = YES_AGGRESSIVE;
				GCC_WARN_UNUSED_FUNCTION = YES;
				GCC_WARN_UNUSED_VARIABLE = YES;
				IPHONEOS_DEPLOYMENT_TARGET = 10.0;
				MTL_ENABLE_DEBUG_INFO = NO;
				SDKROOT = iphoneos;
				SWIFT_OPTIMIZATION_LEVEL = "-Owholemodule";
				VALIDATE_PRODUCT = YES;
			};
			name = Release;
		};
		9285CBA61DBFCE4000A69FFF /* Debug */ = {
			isa = XCBuildConfiguration;
			baseConfigurationReference = 1633DB06327FA4A0B3C58DF1 /* Pods-iOSDataStorage.debug.xcconfig */;
			buildSettings = {
				ALWAYS_EMBED_SWIFT_STANDARD_LIBRARIES = YES;
				ASSETCATALOG_COMPILER_APPICON_NAME = AppIcon;
				DEVELOPMENT_TEAM = RAH94XA8X7;
				FRAMEWORK_SEARCH_PATHS = (
					"$(inherited)",
					"$(PROJECT_DIR)/build/Debug-iphoneos/Realm",
					"$(PROJECT_DIR)/build/Debug-iphoneos/RealmSwift",
					"$(PROJECT_DIR)/build/Debug-iphoneos/SwiftyJSON",
				);
				INFOPLIST_FILE = iOSDataStorage/Info.plist;
				LD_RUNPATH_SEARCH_PATHS = "$(inherited) @executable_path/Frameworks";
				PRODUCT_BUNDLE_IDENTIFIER = PK.iOSDataStorage;
				PRODUCT_NAME = "$(TARGET_NAME)";
				SWIFT_VERSION = 3.0;
			};
			name = Debug;
		};
		9285CBA71DBFCE4000A69FFF /* Release */ = {
			isa = XCBuildConfiguration;
			baseConfigurationReference = 9E1EE11611BC61BD1437A3F9 /* Pods-iOSDataStorage.release.xcconfig */;
			buildSettings = {
				ALWAYS_EMBED_SWIFT_STANDARD_LIBRARIES = YES;
				ASSETCATALOG_COMPILER_APPICON_NAME = AppIcon;
				DEVELOPMENT_TEAM = RAH94XA8X7;
				FRAMEWORK_SEARCH_PATHS = (
					"$(inherited)",
					"$(PROJECT_DIR)/build/Debug-iphoneos/Realm",
					"$(PROJECT_DIR)/build/Debug-iphoneos/RealmSwift",
					"$(PROJECT_DIR)/build/Debug-iphoneos/SwiftyJSON",
				);
				INFOPLIST_FILE = iOSDataStorage/Info.plist;
				LD_RUNPATH_SEARCH_PATHS = "$(inherited) @executable_path/Frameworks";
				PRODUCT_BUNDLE_IDENTIFIER = PK.iOSDataStorage;
				PRODUCT_NAME = "$(TARGET_NAME)";
				SWIFT_VERSION = 3.0;
			};
			name = Release;
		};
/* End XCBuildConfiguration section */

/* Begin XCConfigurationList section */
		9285CB8E1DBFCE4000A69FFF /* Build configuration list for PBXProject "iOSDataStorage" */ = {
			isa = XCConfigurationList;
			buildConfigurations = (
				9285CBA31DBFCE4000A69FFF /* Debug */,
				9285CBA41DBFCE4000A69FFF /* Release */,
			);
			defaultConfigurationIsVisible = 0;
			defaultConfigurationName = Release;
		};
		9285CBA51DBFCE4000A69FFF /* Build configuration list for PBXNativeTarget "iOSDataStorage" */ = {
			isa = XCConfigurationList;
			buildConfigurations = (
				9285CBA61DBFCE4000A69FFF /* Debug */,
				9285CBA71DBFCE4000A69FFF /* Release */,
			);
			defaultConfigurationIsVisible = 0;
			defaultConfigurationName = Release;
		};
/* End XCConfigurationList section */

/* Begin XCVersionGroup section */
		9254D1E71DD4D5A00083ACCE /* ContentCD.xcdatamodeld */ = {
			isa = XCVersionGroup;
			children = (
				9254D1E81DD4D5A00083ACCE /* ContentCD.xcdatamodel */,
			);
			currentVersion = 9254D1E81DD4D5A00083ACCE /* ContentCD.xcdatamodel */;
			path = ContentCD.xcdatamodeld;
			sourceTree = "<group>";
			versionGroupType = wrapper.xcdatamodel;
		};
/* End XCVersionGroup section */
	};
	rootObject = 9285CB8B1DBFCE4000A69FFF /* Project object */;
}
